<Solution>
    <Folder Name="/src/">
        <Project Path="src/OpBlazorUI.Showcase.Client/OpBlazorUI.Showcase.Client.csproj" />
    </Folder>
    <Folder Name="/src/Components/">
        <Project Path="src\Components\OpBlazorUI.Base\OpBlazorUI.Base.csproj" />
    </Folder>
    <Folder Name="/tests/" />
</Solution>
