{
  "name": "opblazorui-theme-gen",
  "lockfileVersion": 3,
  "requires": true,
  "packages": {
    "": {
      "name": "opblazorui-theme-gen",
      "dependencies": {
        "@openng/optimus-ui-styled": "2.0.2",
        "@openng/optimus-ui-styles": "2.0.2",
        "@openng/optimus-ui-themes": "2.0.2"
      }
    },
    "node_modules/@openng/optimus-ui-styled": {
      "version": "2.0.2",
      "resolved": "https://registry.npmjs.org/@openng/optimus-ui-styled/-/optimus-ui-styled-2.0.2.tgz",
      "integrity": "sha512-bCojQR6xzEoLUm2C+WfeG+MPu6XjLkLPmjU5s5DTuXcCA5W97SA0L0XdYtr/XF8G35JNBaEyyis8Fv/PdXELyA==",
      "license": "MIT",
      "dependencies": {
        "@openng/optimus-ui-utils": "2.0.2"
      },
      "engines": {
        "node": ">=12.11.0"
      }
    },
    "node_modules/@openng/optimus-ui-styles": {
      "version": "2.0.2",
      "resolved": "https://registry.npmjs.org/@openng/optimus-ui-styles/-/optimus-ui-styles-2.0.2.tgz",
      "integrity": "sha512-2tOozv8KcBRynUeZ1LvEiqO3YrK4mARszXXJh6LhUujSVq7QGVtNiNu2dktW4t4EpNTXWQNILpqLL+CyA/QLVg==",
      "license": "MIT",
      "dependencies": {
        "@openng/optimus-ui-styled": "2.0.2"
      }
    },
    "node_modules/@openng/optimus-ui-themes": {
      "version": "2.0.2",
      "resolved": "https://registry.npmjs.org/@openng/optimus-ui-themes/-/optimus-ui-themes-2.0.2.tgz",
      "integrity": "sha512-nEQb83g8pssx5dJM+31sUEKwPjDX9OGZMyRoln2cvPQl7eHbFkafjgDNBL5oMHdnFVRQofmoJXgdC7sWn6XxbA==",
      "license": "MIT",
      "dependencies": {
        "@openng/optimus-ui-styled": "2.0.2"
      }
    },
    "node_modules/@openng/optimus-ui-utils": {
      "version": "2.0.2",
      "resolved": "https://registry.npmjs.org/@openng/optimus-ui-utils/-/optimus-ui-utils-2.0.2.tgz",
      "integrity": "sha512-RgkiY91+X8h0rHI8UIKT1Pdvr352J/fSvFJ2wETYUGphCBw7j1lubhySn8yFfT6Ng+CVEZnviekvZSaBcUk2JA==",
      "license": "MIT",
      "engines": {
        "node": ">=12.11.0"
      }
    }
  }
}
